// !$*UTF8*$!
{
	archiveVersion = 1;
	classes = {
	};
	objectVersion = 46;
	objects = {

/* Begin PBXBuildFile section */
		866E80E01D8C66AF00CF6A93 /* AppDelegate.swift in Sources */ = {isa = PBXBuildFile; fileRef = 866E80DF1D8C66AF00CF6A93 /* AppDelegate.swift */; };
		866E80E21D8C66AF00CF6A93 /* ViewController.swift in Sources */ = {isa = PBXBuildFile; fileRef = 866E80E11D8C66AF00CF6A93 /* ViewController.swift */; };
		866E80E51D8C66AF00CF6A93 /* Main.storyboard in Resources */ = {isa = PBXBuildFile; fileRef = 866E80E31D8C66AF00CF6A93 /* Main.storyboard */; };
		866E80E71D8C66AF00CF6A93 /* Assets.xcassets in Resources */ = {isa = PBXBuildFile; fileRef = 866E80E61D8C66AF00CF6A93 /* Assets.xcassets */; };
		866E80EA1D8C66AF00CF6A93 /* LaunchScreen.storyboard in Resources */ = {isa = PBXBuildFile; fileRef = 866E80E81D8C66AF00CF6A93 /* LaunchScreen.storyboard */; };
/* End PBXBuildFile section */

/* Begin PBXFileReference section */
		866E80DC1D8C66AF00CF6A93 /* VisualEffect.app */ = {isa = PBXFileReference; explicitFileType = wrapper.application; includeInIndex = 0; path = VisualEffect.app; sourceTree = BUILT_PRODUCTS_DIR; };
		866E80DF1D8C66AF00CF6A93 /* AppDelegate.swift */ = {isa = PBXFileReference; lastKnownFileType = sourcecode.swift; path = AppDelegate.swift; sourceTree = "<group>"; };
		866E80E11D8C66AF00CF6A93 /* ViewController.swift */ = {isa = PBXFileReference; lastKnownFileType = sourcecode.swift; path = ViewController.swift; sourceTree = "<group>"; };
		866E80E41D8C66AF00CF6A93 /* Base */ = {isa = PBXFileReference; lastKnownFileType = file.storyboard; name = Base; path = Base.lproj/Main.storyboard; sourceTree = "<group>"; };
		866E80E61D8C66AF00CF6A93 /* Assets.xcassets */ = {isa = PBXFileReference; lastKnownFileType = folder.assetcatalog; path = Assets.xcassets; sourceTree = "<group>"; };
		866E80E91D8C66AF00CF6A93 /* Base */ = {isa = PBXFileReference; lastKnownFileType = file.storyboard; name = Base; path = Base.lproj/LaunchScreen.storyboard; sourceTree = "<group>"; };
		866E80EB1D8C66AF00CF6A93 /* Info.plist */ = {isa = PBXFileReference; lastKnownFileType = text.plist.xml; path = Info.plist; sourceTree = "<group>"; };
/* End PBXFileReference section */

/* Begin PBXFrameworksBuildPhase section */
		866E80D91D8C66AE00CF6A93 /* Frameworks */ = {
			isa = PBXFrameworksBuildPhase;
			buildActionMask = 2147483647;
			files = (
			);
			runOnlyForDeploymentPostprocessing = 0;
		};
/* End PBXFrameworksBuildPhase section */

/* Begin PBXGroup section */
		866E80D31D8C66AE00CF6A93 = {
			isa = PBXGroup;
			children = (
				866E80DE1D8C66AF00CF6A93 /* VisualEffect */,
				866E80DD1D8C66AF00CF6A93 /* Products */,
			);
			sourceTree = "<group>";
		};
		866E80DD1D8C66AF00CF6A93 /* Products */ = {
			isa = PBXGroup;
			children = (
				866E80DC1D8C66AF00CF6A93 /* VisualEffect.app */,
			);
			name = Products;
			sourceTree = "<group>";
		};
		866E80DE1D8C66AF00CF6A93 /* VisualEffect */ = {
			isa = PBXGroup;
			children = (
				866E80DF1D8C66AF00CF6A93 /* AppDelegate.swift */,
				866E80E11D8C66AF00CF6A93 /* ViewController.swift */,
				866E80E31D8C66AF00CF6A93 /* Main.storyboard */,
				866E80E61D8C66AF00CF6A93 /* Assets.xcassets */,
				866E80E81D8C66AF00CF6A93 /* LaunchScreen.storyboard */,
				866E80EB1D8C66AF00CF6A93 /* Info.plist */,
			);
			path = VisualEffect;
			sourceTree = "<group>";
		};
/* End PBXGroup section */

/* Begin PBXNativeTarget section */
		866E80DB1D8C66AE00CF6A93 /* VisualEffect */ = {
			isa = PBXNativeTarget;
			buildConfigurationList = 866E80EE1D8C66AF00CF6A93 /* Build configuration list for PBXNativeTarget "VisualEffect" */;
			buildPhases = (
				866E80D81D8C66AE00CF6A93 /* Sources */,
				866E80D91D8C66AE00CF6A93 /* Frameworks */,
				866E80DA1D8C66AE00CF6A93 /* Resources */,
			);
			buildRules = (
			);
			dependencies = (
			);
			name = VisualEffect;
			productName = VisualEffect;
			productReference = 866E80DC1D8C66AF00CF6A93 /* VisualEffect.app */;
			productType = "com.apple.product-type.application";
		};
/* End PBXNativeTarget section */

/* Begin PBXProject section */
		866E80D41D8C66AE00CF6A93 /* Project object */ = {
			isa = PBXProject;
			attributes = {
				LastSwiftUpdateCheck = 0800;
				LastUpgradeCheck = 0800;
				ORGANIZATIONNAME = Training;
				TargetAttributes = {
					866E80DB1D8C66AE00CF6A93 = {
						CreatedOnToolsVersion = 8.0;
						ProvisioningStyle = Automatic;
					};
				};
			};
			buildConfigurationList = 866E80D71D8C66AE00CF6A93 /* Build configuration list for PBXProject "VisualEffect" */;
			compatibilityVersion = "Xcode 3.2";
			developmentRegion = English;
			hasScannedForEncodings = 0;
			knownRegions = (
				en,
				Base,
			);
			mainGroup = 866E80D31D8C66AE00CF6A93;
			productRefGroup = 866E80DD1D8C66AF00CF6A93 /* Products */;
			projectDirPath = "";
			projectRoot = "";
			targets = (
				866E80DB1D8C66AE00CF6A93 /* VisualEffect */,
			);
		};
/* End PBXProject section */

/* Begin PBXResourcesBuildPhase section */
		866E80DA1D8C66AE00CF6A93 /* Resources */ = {
			isa = PBXResourcesBuildPhase;
			buildActionMask = 2147483647;
			files = (
				866E80EA1D8C66AF00CF6A93 /* LaunchScreen.storyboard in Resources */,
				866E80E71D8C66AF00CF6A93 /* Assets.xcassets in Resources */,
				866E80E51D8C66AF00CF6A93 /* Main.storyboard in Resources */,
			);
			runOnlyForDeploymentPostprocessing = 0;
		};
/* End PBXResourcesBuildPhase section */

/* Begin PBXSourcesBuildPhase section */
		866E80D81D8C66AE00CF6A93 /* Sources */ = {
			isa = PBXSourcesBuildPhase;
			buildActionMask = 2147483647;
			files = (
				866E80E21D8C66AF00CF6A93 /* ViewController.swift in Sources */,
				866E80E01D8C66AF00CF6A93 /* AppDelegate.swift in Sources */,
			);
			runOnlyForDeploymentPostprocessing = 0;
		};
/* End PBXSourcesBuildPhase section */

/* Begin PBXVariantGroup section */
		866E80E31D8C66AF00CF6A93 /* Main.storyboard */ = {
			isa = PBXVariantGroup;
			children = (
				866E80E41D8C66AF00CF6A93 /* Base */,
			);
			name = Main.storyboard;
			sourceTree = "<group>";
		};
		866E80E81D8C66AF00CF6A93 /* LaunchScreen.storyboard */ = {
			isa = PBXVariantGroup;
			children = (
				866E80E91D8C66AF00CF6A93 /* Base */,
			);
			name = LaunchScreen.storyboard;
			sourceTree = "<group>";
		};
/* End PBXVariantGroup section */

/* Begin XCBuildConfiguration section */
		866E80EC1D8C66AF00CF6A93 /* Debug */ = {
			isa = XCBuildConfiguration;
			buildSettings = {
				ALWAYS_SEARCH_USER_PATHS = NO;
				CLANG_ANALYZER_NONNULL = YES;
				CLANG_CXX_LANGUAGE_STANDARD = "gnu++0x";
				CLANG_CXX_LIBRARY = "libc++";
				CLANG_ENABLE_MODULES = YES;
				CLANG_ENABLE_OBJC_ARC = YES;
				CLANG_WARN_BOOL_CONVERSION = YES;
				CLANG_WARN_CONSTANT_CONVERSION = YES;
				CLANG_WARN_DIRECT_OBJC_ISA_USAGE = YES_ERROR;
				CLANG_WARN_DOCUMENTATION_COMMENTS = YES;
				CLANG_WARN_EMPTY_BODY = YES;
				CLANG_WARN_ENUM_CONVERSION = YES;
				CLANG_WARN_INFINITE_RECURSION = YES;
				CLANG_WARN_INT_CONVERSION = YES;
				CLANG_WARN_OBJC_ROOT_CLASS = YES_ERROR;
				CLANG_WARN_SUSPICIOUS_MOVES = YES;
				CLANG_WARN_UNREACHABLE_CODE = YES;
				CLANG_WARN__DUPLICATE_METHOD_MATCH = YES;
				"CODE_SIGN_IDENTITY[sdk=iphoneos*]" = "iPhone Developer";
				COPY_PHASE_STRIP = NO;
				DEBUG_INFORMATION_FORMAT = dwarf;
				ENABLE_STRICT_OBJC_MSGSEND = YES;
				ENABLE_TESTABILITY = YES;
				GCC_C_LANGUAGE_STANDARD = gnu99;
				GCC_DYNAMIC_NO_PIC = NO;
				GCC_NO_COMMON_BLOCKS = YES;
				GCC_OPTIMIZATION_LEVEL = 0;
				GCC_PREPROCESSOR_DEFINITIONS = (
					"DEBUG=1",
					"$(inherited)",
				);
				GCC_WARN_64_TO_32_BIT_CONVERSION = YES;
				GCC_WARN_ABOUT_RETURN_TYPE = YES_ERROR;
				GCC_WARN_UNDECLARED_SELECTOR = YES;
				GCC_WARN_UNINITIALIZED_AUTOS = YES_AGGRESSIVE;
				GCC_WARN_UNUSED_FUNCTION = YES;
				GCC_WARN_UNUSED_VARIABLE = YES;
				IPHONEOS_DEPLOYMENT_TARGET = 10.0;
				MTL_ENABLE_DEBUG_INFO = YES;
				ONLY_ACTIVE_ARCH = YES;
				SDKROOT = iphoneos;
				SWIFT_ACTIVE_COMPILATION_CONDITIONS = DEBUG;
				SWIFT_OPTIMIZATION_LEVEL = "-Onone";
			};
			name = Debug;
		};
		866E80ED1D8C66AF00CF6A93 /* Release */ = {
			isa = XCBuildConfiguration;
			buildSettings = {
				ALWAYS_SEARCH_USER_PATHS = NO;
				CLANG_ANALYZER_NONNULL = YES;
				CLANG_CXX_LANGUAGE_STANDARD = "gnu++0x";
				CLANG_CXX_LIBRARY = "libc++";
				CLANG_ENABLE_MODULES = YES;
				CLANG_ENABLE_OBJC_ARC = YES;
				CLANG_WARN_BOOL_CONVERSION = YES;
				CLANG_WARN_CONSTANT_CONVERSION = YES;
				CLANG_WARN_DIRECT_OBJC_ISA_USAGE = YES_ERROR;
				CLANG_WARN_DOCUMENTATION_COMMENTS = YES;
				CLANG_WARN_EMPTY_BODY = YES;
				CLANG_WARN_ENUM_CONVERSION = YES;
				CLANG_WARN_INFINITE_RECURSION = YES;
				CLANG_WARN_INT_CONVERSION = YES;
				CLANG_WARN_OBJC_ROOT_CLASS = YES_ERROR;
				CLANG_WARN_SUSPICIOUS_MOVES = YES;
				CLANG_WARN_UNREACHABLE_CODE = YES;
				CLANG_WARN__DUPLICATE_METHOD_MATCH = YES;
				"CODE_SIGN_IDENTITY[sdk=iphoneos*]" = "iPhone Developer";
				COPY_PHASE_STRIP = NO;
				DEBUG_INFORMATION_FORMAT = "dwarf-with-dsym";
				ENABLE_NS_ASSERTIONS = NO;
				ENABLE_STRICT_OBJC_MSGSEND = YES;
				GCC_C_LANGUAGE_STANDARD = gnu99;
				GCC_NO_COMMON_BLOCKS = YES;
				GCC_WARN_64_TO_32_BIT_CONVERSION = YES;
				GCC_WARN_ABOUT_RETURN_TYPE = YES_ERROR;
				GCC_WARN_UNDECLARED_SELECTOR = YES;
				GCC_WARN_UNINITIALIZED_AUTOS = YES_AGGRESSIVE;
				GCC_WARN_UNUSED_FUNCTION = YES;
				GCC_WARN_UNUSED_VARIABLE = YES;
				IPHONEOS_DEPLOYMENT_TARGET = 10.0;
				MTL_ENABLE_DEBUG_INFO = NO;
				SDKROOT = iphoneos;
				SWIFT_OPTIMIZATION_LEVEL = "-Owholemodule";
				VALIDATE_PRODUCT = YES;
			};
			name = Release;
		};
		866E80EF1D8C66AF00CF6A93 /* Debug */ = {
			isa = XCBuildConfiguration;
			buildSettings = {
				ASSETCATALOG_COMPILER_APPICON_NAME = AppIcon;
				INFOPLIST_FILE = VisualEffect/Info.plist;
				LD_RUNPATH_SEARCH_PATHS = "$(inherited) @executable_path/Frameworks";
				PRODUCT_BUNDLE_IDENTIFIER = com.brianAdvent.VisualEffect;
				PRODUCT_NAME = "$(TARGET_NAME)";
				SWIFT_VERSION = 3.0;
			};
			name = Debug;
		};
		866E80F01D8C66AF00CF6A93 /* Release */ = {
			isa = XCBuildConfiguration;
			buildSettings = {
				ASSETCATALOG_COMPILER_APPICON_NAME = AppIcon;
				INFOPLIST_FILE = VisualEffect/Info.plist;
				LD_RUNPATH_SEARCH_PATHS = "$(inherited) @executable_path/Frameworks";
				PRODUCT_BUNDLE_IDENTIFIER = com.brianAdvent.VisualEffect;
				PRODUCT_NAME = "$(TARGET_NAME)";
				SWIFT_VERSION = 3.0;
			};
			name = Release;
		};
/* End XCBuildConfiguration section */

/* Begin XCConfigurationList section */
		866E80D71D8C66AE00CF6A93 /* Build configuration list for PBXProject "VisualEffect" */ = {
			isa = XCConfigurationList;
			buildConfigurations = (
				866E80EC1D8C66AF00CF6A93 /* Debug */,
				866E80ED1D8C66AF00CF6A93 /* Release */,
			);
			defaultConfigurationIsVisible = 0;
			defaultConfigurationName = Release;
		};
		866E80EE1D8C66AF00CF6A93 /* Build configuration list for PBXNativeTarget "VisualEffect" */ = {
			isa = XCConfigurationList;
			buildConfigurations = (
				866E80EF1D8C66AF00CF6A93 /* Debug */,
				866E80F01D8C66AF00CF6A93 /* Release */,
			);
			defaultConfigurationIsVisible = 0;
		};
/* End XCConfigurationList section */
	};
	rootObject = 866E80D41D8C66AE00CF6A93 /* Project object */;
}
